
Microsoft Visual Studio Solution File, Format Version 12.00
# Visual Studio Version 16
VisualStudioVersion = 16.0.30907.101
MinimumVisualStudioVersion = 10.0.40219.1
Project("{9A19103F-16F7-4668-BE54-9A1E7A4F7556}") = "DataAccess", "DataAccess\DataAccess.csproj", "{53CB8943-1396-468D-BD0F-9A0F15EEAA77}"
EndProject
Project("{9A19103F-16F7-4668-BE54-9A1E7A4F7556}") = "Business", "Business\Business.csproj", "{D574E956-18CE-4865-AE3D-68C00CBCA8F5}"
EndProject
Project("{9A19103F-16F7-4668-BE54-9A1E7A4F7556}") = "Entities", "Entities\Entities.csproj", "{A55CF462-726A-4ACD-9BC1-249ECD8FF04B}"
EndProject
Project("{9A19103F-16F7-4668-BE54-9A1E7A4F7556}") = "ConsoleUI", "ConsoleUI\ConsoleUI.csproj", "{C21D4FCF-E28E-4112-AD40-515CB1DAE573}"
EndProject
Project("{9A19103F-16F7-4668-BE54-9A1E7A4F7556}") = "Core", "Core\Core.csproj", "{2EE86D00-99EF-4269-A36D-FEF01C256AD1}"
EndProject
Project("{FAE04EC0-301F-11D3-BF4B-00C04F79EFBC}") = "WebAPI", "WebAPI\WebAPI.csproj", "{8ADD6349-8B96-4A5C-B093-5778AD25E758}"
EndProject
Global
	GlobalSection(SolutionConfigurationPlatforms) = preSolution
		Debug|Any CPU = Debug|Any CPU
		Release|Any CPU = Release|Any CPU
	EndGlobalSection
	GlobalSection(ProjectConfigurationPlatforms) = postSolution
		{53CB8943-1396-468D-BD0F-9A0F15EEAA77}.Debug|Any CPU.ActiveCfg = Debug|Any CPU
		{53CB8943-1396-468D-BD0F-9A0F15EEAA77}.Debug|Any CPU.Build.0 = Debug|Any CPU
		{53CB8943-1396-468D-BD0F-9A0F15EEAA77}.Release|Any CPU.ActiveCfg = Release|Any CPU
		{53CB8943-1396-468D-BD0F-9A0F15EEAA77}.Release|Any CPU.Build.0 = Release|Any CPU
		{D574E956-18CE-4865-AE3D-68C00CBCA8F5}.Debug|Any CPU.ActiveCfg = Debug|Any CPU
		{D574E956-18CE-4865-AE3D-68C00CBCA8F5}.Debug|Any CPU.Build.0 = Debug|Any CPU
		{D574E956-18CE-4865-AE3D-68C00CBCA8F5}.Release|Any CPU.ActiveCfg = Release|Any CPU
		{D574E956-18CE-4865-AE3D-68C00CBCA8F5}.Release|Any CPU.Build.0 = Release|Any CPU
		{A55CF462-726A-4ACD-9BC1-249ECD8FF04B}.Debug|Any CPU.ActiveCfg = Debug|Any CPU
		{A55CF462-726A-4ACD-9BC1-249ECD8FF04B}.Debug|Any CPU.Build.0 = Debug|Any CPU
		{A55CF462-726A-4ACD-9BC1-249ECD8FF04B}.Release|Any CPU.ActiveCfg = Release|Any CPU
		{A55CF462-726A-4ACD-9BC1-249ECD8FF04B}.Release|Any CPU.Build.0 = Release|Any CPU
		{C21D4FCF-E28E-4112-AD40-515CB1DAE573}.Debug|Any CPU.ActiveCfg = Debug|Any CPU
		{C21D4FCF-E28E-4112-AD40-515CB1DAE573}.Debug|Any CPU.Build.0 = Debug|Any CPU
		{C21D4FCF-E28E-4112-AD40-515CB1DAE573}.Release|Any CPU.ActiveCfg = Release|Any CPU
		{C21D4FCF-E28E-4112-AD40-515CB1DAE573}.Release|Any CPU.Build.0 = Release|Any CPU
		{2EE86D00-99EF-4269-A36D-FEF01C256AD1}.Debug|Any CPU.ActiveCfg = Debug|Any CPU
		{2EE86D00-99EF-4269-A36D-FEF01C256AD1}.Debug|Any CPU.Build.0 = Debug|Any CPU
		{2EE86D00-99EF-4269-A36D-FEF01C256AD1}.Release|Any CPU.ActiveCfg = Release|Any CPU
		{2EE86D00-99EF-4269-A36D-FEF01C256AD1}.Release|Any CPU.Build.0 = Release|Any CPU
		{8ADD6349-8B96-4A5C-B093-5778AD25E758}.Debug|Any CPU.ActiveCfg = Debug|Any CPU
		{8ADD6349-8B96-4A5C-B093-5778AD25E758}.Debug|Any CPU.Build.0 = Debug|Any CPU
		{8ADD6349-8B96-4A5C-B093-5778AD25E758}.Release|Any CPU.ActiveCfg = Release|Any CPU
		{8ADD6349-8B96-4A5C-B093-5778AD25E758}.Release|Any CPU.Build.0 = Release|Any CPU
	EndGlobalSection
	GlobalSection(SolutionProperties) = preSolution
		HideSolutionNode = FALSE
	EndGlobalSection
	GlobalSection(ExtensibilityGlobals) = postSolution
		SolutionGuid = {4A9293C9-EBFF-4EC6-8DF3-99644282BFCE}
	EndGlobalSection
EndGlobal
